
Microsoft Visual Studio Solution File, Format Version 12.00
# Visual Studio Version 16
VisualStudioVersion = 16.0.34729.46
MinimumVisualStudioVersion = 10.0.40219.1
Project("{8BC9CEB8-8B4A-11D0-8D11-00A0C91BC942}") = "chrono_millisec", "chrono_millisec.vcxproj", "{318FBCC4-F1AB-497C-9994-D4AB4B0B9A41}"
EndProject
Global
	GlobalSection(SolutionConfigurationPlatforms) = preSolution
		Debug|x64 = Debug|x64
		Debug|x86 = Debug|x86
		Release|x64 = Release|x64
		Release|x86 = Release|x86
	EndGlobalSection
	GlobalSection(ProjectConfigurationPlatforms) = postSolution
		{318FBCC4-F1AB-497C-9994-D4AB4B0B9A41}.Debug|x64.ActiveCfg = Debug|x64
		{318FBCC4-F1AB-497C-9994-D4AB4B0B9A41}.Debug|x64.Build.0 = Debug|x64
		{318FBCC4-F1AB-497C-9994-D4AB4B0B9A41}.Debug|x86.ActiveCfg = Debug|Win32
		{318FBCC4-F1AB-497C-9994-D4AB4B0B9A41}.Debug|x86.Build.0 = Debug|Win32
		{318FBCC4-F1AB-497C-9994-D4AB4B0B9A41}.Release|x64.ActiveCfg = Release|x64
		{318FBCC4-F1AB-497C-9994-D4AB4B0B9A41}.Release|x64.Build.0 = Release|x64
		{318FBCC4-F1AB-497C-9994-D4AB4B0B9A41}.Release|x86.ActiveCfg = Release|Win32
		{318FBCC4-F1AB-497C-9994-D4AB4B0B9A41}.Release|x86.Build.0 = Release|Win32
	EndGlobalSection
	GlobalSection(SolutionProperties) = preSolution
		HideSolutionNode = FALSE
	EndGlobalSection
	GlobalSection(ExtensibilityGlobals) = postSolution
		SolutionGuid = {A7A2F4A0-DE5B-41FE-AF9C-C9DE623AFDA7}
	EndGlobalSection
EndGlobal
